
Microsoft Visual Studio Solution File, Format Version 12.00
# Visual Studio Version 17
VisualStudioVersion = 17.1.32210.238
MinimumVisualStudioVersion = 10.0.40219.1
Project("{FAE04EC0-301F-11D3-BF4B-00C04F79EFBC}") = "TextileToTessaHTML", "TextileToTessaHTML\TextileToTessaHTML.csproj", "{F621A69F-0E8F-4C39-AC84-D4660F373E6F}"
EndProject
Project("{FAE04EC0-301F-11D3-BF4B-00C04F79EFBC}") = "TestApp", "TestApp\TestApp.csproj", "{A29605F6-571A-4AA3-BAF7-D93C631F21B2}"
EndProject
Global
	GlobalSection(SolutionConfigurationPlatforms) = preSolution
		Debug|Any CPU = Debug|Any CPU
		Release|Any CPU = Release|Any CPU
	EndGlobalSection
	GlobalSection(ProjectConfigurationPlatforms) = postSolution
		{F621A69F-0E8F-4C39-AC84-D4660F373E6F}.Debug|Any CPU.ActiveCfg = Debug|Any CPU
		{F621A69F-0E8F-4C39-AC84-D4660F373E6F}.Debug|Any CPU.Build.0 = Debug|Any CPU
		{F621A69F-0E8F-4C39-AC84-D4660F373E6F}.Release|Any CPU.ActiveCfg = Release|Any CPU
		{F621A69F-0E8F-4C39-AC84-D4660F373E6F}.Release|Any CPU.Build.0 = Release|Any CPU
		{A29605F6-571A-4AA3-BAF7-D93C631F21B2}.Debug|Any CPU.ActiveCfg = Debug|Any CPU
		{A29605F6-571A-4AA3-BAF7-D93C631F21B2}.Debug|Any CPU.Build.0 = Debug|Any CPU
		{A29605F6-571A-4AA3-BAF7-D93C631F21B2}.Release|Any CPU.ActiveCfg = Release|Any CPU
		{A29605F6-571A-4AA3-BAF7-D93C631F21B2}.Release|Any CPU.Build.0 = Release|Any CPU
	EndGlobalSection
	GlobalSection(SolutionProperties) = preSolution
		HideSolutionNode = FALSE
	EndGlobalSection
	GlobalSection(ExtensibilityGlobals) = postSolution
		SolutionGuid = {938391D7-382F-4A37-A2DC-3B7D95A8E11A}
	EndGlobalSection
EndGlobal
